
Microsoft Visual Studio Solution File, Format Version 12.00
# Visual Studio Version 17
VisualStudioVersion = 17.7.34221.43
MinimumVisualStudioVersion = 10.0.40219.1
Project("{FAE04EC0-301F-11D3-BF4B-00C04F79EFBC}") = "ping pong", "ping pong\ping pong.csproj", "{B77C4320-59D0-4A81-819A-0F9F3B2E3401}"
EndProject
Global
	GlobalSection(SolutionConfigurationPlatforms) = preSolution
		Debug|Any CPU = Debug|Any CPU
		Release|Any CPU = Release|Any CPU
	EndGlobalSection
	GlobalSection(ProjectConfigurationPlatforms) = postSolution
		{B77C4320-59D0-4A81-819A-0F9F3B2E3401}.Debug|Any CPU.ActiveCfg = Debug|Any CPU
		{B77C4320-59D0-4A81-819A-0F9F3B2E3401}.Debug|Any CPU.Build.0 = Debug|Any CPU
		{B77C4320-59D0-4A81-819A-0F9F3B2E3401}.Release|Any CPU.ActiveCfg = Release|Any CPU
		{B77C4320-59D0-4A81-819A-0F9F3B2E3401}.Release|Any CPU.Build.0 = Release|Any CPU
	EndGlobalSection
	GlobalSection(SolutionProperties) = preSolution
		HideSolutionNode = FALSE
	EndGlobalSection
	GlobalSection(ExtensibilityGlobals) = postSolution
		SolutionGuid = {C1AEB3FA-9E89-4B11-A5E7-29DCF6B32E0F}
	EndGlobalSection
EndGlobal
